
Microsoft Visual Studio Solution File, Format Version 12.00
# Visual Studio Version 17
VisualStudioVersion = 17.10.35013.160
MinimumVisualStudioVersion = 10.0.40219.1
Project("{9A19103F-16F7-4668-BE54-9A1E7A4F7556}") = "QuanLyPhong", "QuanLyPhong\QuanLyPhong.csproj", "{029ED15C-3908-4788-B2BC-5FEC900B426B}"
EndProject
Project("{FAE04EC0-301F-11D3-BF4B-00C04F79EFBC}") = "BUS", "BUS\BUS.csproj", "{338E2296-8AE0-411F-A5BC-D3C3EB9D97E7}"
EndProject
Project("{FAE04EC0-301F-11D3-BF4B-00C04F79EFBC}") = "DAL", "DAL\DAL.csproj", "{0C226D1C-231A-44EB-8267-B5390B02C973}"
EndProject
Global
	GlobalSection(SolutionConfigurationPlatforms) = preSolution
		Debug|Any CPU = Debug|Any CPU
		Release|Any CPU = Release|Any CPU
	EndGlobalSection
	GlobalSection(ProjectConfigurationPlatforms) = postSolution
		{029ED15C-3908-4788-B2BC-5FEC900B426B}.Debug|Any CPU.ActiveCfg = Debug|Any CPU
		{029ED15C-3908-4788-B2BC-5FEC900B426B}.Debug|Any CPU.Build.0 = Debug|Any CPU
		{029ED15C-3908-4788-B2BC-5FEC900B426B}.Release|Any CPU.ActiveCfg = Release|Any CPU
		{029ED15C-3908-4788-B2BC-5FEC900B426B}.Release|Any CPU.Build.0 = Release|Any CPU
		{338E2296-8AE0-411F-A5BC-D3C3EB9D97E7}.Debug|Any CPU.ActiveCfg = Debug|Any CPU
		{338E2296-8AE0-411F-A5BC-D3C3EB9D97E7}.Debug|Any CPU.Build.0 = Debug|Any CPU
		{338E2296-8AE0-411F-A5BC-D3C3EB9D97E7}.Release|Any CPU.ActiveCfg = Release|Any CPU
		{338E2296-8AE0-411F-A5BC-D3C3EB9D97E7}.Release|Any CPU.Build.0 = Release|Any CPU
		{0C226D1C-231A-44EB-8267-B5390B02C973}.Debug|Any CPU.ActiveCfg = Debug|Any CPU
		{0C226D1C-231A-44EB-8267-B5390B02C973}.Debug|Any CPU.Build.0 = Debug|Any CPU
		{0C226D1C-231A-44EB-8267-B5390B02C973}.Release|Any CPU.ActiveCfg = Release|Any CPU
		{0C226D1C-231A-44EB-8267-B5390B02C973}.Release|Any CPU.Build.0 = Release|Any CPU
	EndGlobalSection
	GlobalSection(SolutionProperties) = preSolution
		HideSolutionNode = FALSE
	EndGlobalSection
	GlobalSection(ExtensibilityGlobals) = postSolution
		SolutionGuid = {CAB176A9-B0D7-4502-857B-2C1D1FBEBDE3}
	EndGlobalSection
EndGlobal
